
Microsoft Visual Studio Solution File, Format Version 12.00
# Visual Studio 15
Project("{FAE04EC0-301F-11D3-BF4B-00C04F79EFBC}") = "UnityEngine.TestRunner", "UnityEngine.TestRunner.csproj", "{08C2D71F-2B97-B932-2BC4-22BF676C26B6}"
EndProject
Project("{FAE04EC0-301F-11D3-BF4B-00C04F79EFBC}") = "Unity.VisualScripting.Flow", "Unity.VisualScripting.Flow.csproj", "{5D666E71-FF30-1C46-6264-7CC026052840}"
EndProject
Project("{FAE04EC0-301F-11D3-BF4B-00C04F79EFBC}") = "Unity.InputSystem", "Unity.InputSystem.csproj", "{BBEB2778-39FF-A1CE-76E6-8397D061D67C}"
EndProject
Project("{FAE04EC0-301F-11D3-BF4B-00C04F79EFBC}") = "Unity.VisualScripting.State", "Unity.VisualScripting.State.csproj", "{C1FF02F0-18A9-3664-1EEF-8A4D241FB9DF}"
EndProject
Project("{FAE04EC0-301F-11D3-BF4B-00C04F79EFBC}") = "Unity.VisualScripting.Core", "Unity.VisualScripting.Core.csproj", "{606CE5B0-91CA-C96E-49D8-2FE8CF15BB6E}"
EndProject
Project("{FAE04EC0-301F-11D3-BF4B-00C04F79EFBC}") = "Unity.TextMeshPro", "Unity.TextMeshPro.csproj", "{851D8285-2578-EC26-E3B7-903F04959C05}"
EndProject
Project("{FAE04EC0-301F-11D3-BF4B-00C04F79EFBC}") = "Cinemachine", "Cinemachine.csproj", "{5CC75983-02DF-4050-4657-DA7FA8B07069}"
EndProject
Project("{FAE04EC0-301F-11D3-BF4B-00C04F79EFBC}") = "Unity.Timeline", "Unity.Timeline.csproj", "{77234B55-C237-F729-D685-961B474F78C0}"
EndProject
Project("{FAE04EC0-301F-11D3-BF4B-00C04F79EFBC}") = "Unity.Tutorials.Core", "Unity.Tutorials.Core.csproj", "{8A8CDB5C-BC3F-F69E-1756-F9BC89132FEA}"
EndProject
Project("{FAE04EC0-301F-11D3-BF4B-00C04F79EFBC}") = "Assembly-CSharp", "Assembly-CSharp.csproj", "{A32C1270-BE20-AC49-8A32-D869B728E5DC}"
EndProject
Project("{FAE04EC0-301F-11D3-BF4B-00C04F79EFBC}") = "Unity.Mathematics", "Unity.Mathematics.csproj", "{C4F06192-7CBB-2CC0-3A21-417A015F7A57}"
EndProject
Project("{FAE04EC0-301F-11D3-BF4B-00C04F79EFBC}") = "Unity.Burst", "Unity.Burst.csproj", "{B22F4AF5-2E3E-4901-0396-619F9904788F}"
EndProject
Project("{FAE04EC0-301F-11D3-BF4B-00C04F79EFBC}") = "Unity.Tutorials.Core.Editor", "Unity.Tutorials.Core.Editor.csproj", "{4554965C-1E2C-88CE-BA77-4863B8FB384A}"
EndProject
Project("{FAE04EC0-301F-11D3-BF4B-00C04F79EFBC}") = "Unity.PlasticSCM.Editor", "Unity.PlasticSCM.Editor.csproj", "{23760487-F037-FE8B-7278-A9DE9B348CE2}"
EndProject
Project("{FAE04EC0-301F-11D3-BF4B-00C04F79EFBC}") = "Unity.VisualScripting.Core.Editor", "Unity.VisualScripting.Core.Editor.csproj", "{32518F02-1F3B-46CC-D6E2-602242818DC1}"
EndProject
Project("{FAE04EC0-301F-11D3-BF4B-00C04F79EFBC}") = "Unity.VisualScripting.Flow.Editor", "Unity.VisualScripting.Flow.Editor.csproj", "{B4C2AAB3-6FDF-3BF1-C07A-E10D9684E000}"
EndProject
Project("{FAE04EC0-301F-11D3-BF4B-00C04F79EFBC}") = "Unity.VisualStudio.Editor", "Unity.VisualStudio.Editor.csproj", "{40981375-BB32-9A68-D879-66F136CDB203}"
EndProject
Project("{FAE04EC0-301F-11D3-BF4B-00C04F79EFBC}") = "Unity.Timeline.Editor", "Unity.Timeline.Editor.csproj", "{C9465EA2-37BF-0F74-997C-2D359A6A5004}"
EndProject
Project("{FAE04EC0-301F-11D3-BF4B-00C04F79EFBC}") = "com.unity.cinemachine.editor", "com.unity.cinemachine.editor.csproj", "{AF7587A5-A79F-3819-2481-FF4AF4C8846A}"
EndProject
Project("{FAE04EC0-301F-11D3-BF4B-00C04F79EFBC}") = "Unity.VisualScripting.State.Editor", "Unity.VisualScripting.State.Editor.csproj", "{F5CB4F32-A698-752D-4419-2D89364A4EBF}"
EndProject
Project("{FAE04EC0-301F-11D3-BF4B-00C04F79EFBC}") = "Unity.TextMeshPro.Editor", "Unity.TextMeshPro.Editor.csproj", "{915233EC-D2B6-DCA3-1B22-D833FDC0266B}"
EndProject
Project("{FAE04EC0-301F-11D3-BF4B-00C04F79EFBC}") = "Unity.VisualScripting.SettingsProvider.Editor", "Unity.VisualScripting.SettingsProvider.Editor.csproj", "{DFF4810A-136D-82A8-2C69-CDCFFF8321BC}"
EndProject
Project("{FAE04EC0-301F-11D3-BF4B-00C04F79EFBC}") = "UnityEditor.TestRunner", "UnityEditor.TestRunner.csproj", "{5204D457-1725-6FB3-E5CC-460F3B2B41DC}"
EndProject
Project("{FAE04EC0-301F-11D3-BF4B-00C04F79EFBC}") = "Unity.TestTools.CodeCoverage.Editor", "Unity.TestTools.CodeCoverage.Editor.csproj", "{52C369F6-BC1A-DD35-FC46-7CE4AEC91299}"
EndProject
Project("{FAE04EC0-301F-11D3-BF4B-00C04F79EFBC}") = "Unity.Rider.Editor", "Unity.Rider.Editor.csproj", "{21646880-C9E5-CD74-41F2-9477B36A4307}"
EndProject
Project("{FAE04EC0-301F-11D3-BF4B-00C04F79EFBC}") = "Unity.InternalAPIEditorBridge.007", "Unity.InternalAPIEditorBridge.007.csproj", "{D0E20E33-AC26-9351-DC30-139DF70FC735}"
EndProject
Project("{FAE04EC0-301F-11D3-BF4B-00C04F79EFBC}") = "Unity.Performance.Profile-Analyzer.Editor", "Unity.Performance.Profile-Analyzer.Editor.csproj", "{63BEAE22-BD9D-DC5A-FA23-EE2CB3EB3160}"
EndProject
Project("{FAE04EC0-301F-11D3-BF4B-00C04F79EFBC}") = "Unity.VSCode.Editor", "Unity.VSCode.Editor.csproj", "{1EF55B18-5ED5-69AA-03FF-85975DD5FC58}"
EndProject
Project("{FAE04EC0-301F-11D3-BF4B-00C04F79EFBC}") = "Unity.TestTools.CodeCoverage.Editor.OpenCover.Model", "Unity.TestTools.CodeCoverage.Editor.OpenCover.Model.csproj", "{E7A2BD78-5BA6-ACFA-C756-8A8B0757D4E4}"
EndProject
Project("{FAE04EC0-301F-11D3-BF4B-00C04F79EFBC}") = "Unity.EditorCoroutines.Editor", "Unity.EditorCoroutines.Editor.csproj", "{404311F7-AEBF-3A81-8726-A44782DCCD17}"
EndProject
Project("{FAE04EC0-301F-11D3-BF4B-00C04F79EFBC}") = "Unity.Settings.Editor", "Unity.Settings.Editor.csproj", "{FE97513C-CBAC-027B-E226-FF7B0F6A2B98}"
EndProject
Project("{FAE04EC0-301F-11D3-BF4B-00C04F79EFBC}") = "Unity.CollabProxy.Editor", "Unity.CollabProxy.Editor.csproj", "{78E3D8EC-0BB2-7516-87D4-BD3429530E21}"
EndProject
Project("{FAE04EC0-301F-11D3-BF4B-00C04F79EFBC}") = "Unity.InternalAPIEngineBridge.007", "Unity.InternalAPIEngineBridge.007.csproj", "{9346DEC4-A91A-6891-146C-137420BAEA7E}"
EndProject
Project("{FAE04EC0-301F-11D3-BF4B-00C04F79EFBC}") = "Unity.TestTools.CodeCoverage.Editor.OpenCover.Mono.Reflection", "Unity.TestTools.CodeCoverage.Editor.OpenCover.Mono.Reflection.csproj", "{B321A494-CCF1-8599-0363-03410B4480B7}"
EndProject
Project("{FAE04EC0-301F-11D3-BF4B-00C04F79EFBC}") = "Unity.VisualScripting.Shared.Editor", "Unity.VisualScripting.Shared.Editor.csproj", "{D41E41C7-C338-ED2B-774A-6E68DE32CC5F}"
EndProject
Project("{FAE04EC0-301F-11D3-BF4B-00C04F79EFBC}") = "Assembly-CSharp-Editor-firstpass", "Assembly-CSharp-Editor-firstpass.csproj", "{81267ECF-8EE7-CD29-AC51-C30329ABCCB3}"
EndProject
Project("{FAE04EC0-301F-11D3-BF4B-00C04F79EFBC}") = "Unity.Searcher.Editor", "Unity.Searcher.Editor.csproj", "{A549B453-F407-8E61-6335-B35FA5AB34CF}"
EndProject
Project("{FAE04EC0-301F-11D3-BF4B-00C04F79EFBC}") = "Unity.Burst.CodeGen", "Unity.Burst.CodeGen.csproj", "{08279798-8A9C-5EBF-4FFB-13DDE782C769}"
EndProject
Project("{FAE04EC0-301F-11D3-BF4B-00C04F79EFBC}") = "Unity.Mathematics.Editor", "Unity.Mathematics.Editor.csproj", "{2BD15B1E-7529-60C9-EF38-35F4175F3A62}"
EndProject
Project("{FAE04EC0-301F-11D3-BF4B-00C04F79EFBC}") = "Unity.Burst.Editor", "Unity.Burst.Editor.csproj", "{A4CE6621-F246-38D9-D236-1C5DEA729ABE}"
EndProject
Global
	GlobalSection(SolutionConfigurationPlatforms) = preSolution
		Debug|Any CPU = Debug|Any CPU
		Release|Any CPU = Release|Any CPU
	EndGlobalSection
	GlobalSection(ProjectConfigurationPlatforms) = postSolution
		{08C2D71F-2B97-B932-2BC4-22BF676C26B6}.Debug|Any CPU.ActiveCfg = Debug|Any CPU
		{08C2D71F-2B97-B932-2BC4-22BF676C26B6}.Debug|Any CPU.Build.0 = Debug|Any CPU
		{08C2D71F-2B97-B932-2BC4-22BF676C26B6}.Release|Any CPU.ActiveCfg = Release|Any CPU
		{08C2D71F-2B97-B932-2BC4-22BF676C26B6}.Release|Any CPU.Build.0 = Release|Any CPU
		{5D666E71-FF30-1C46-6264-7CC026052840}.Debug|Any CPU.ActiveCfg = Debug|Any CPU
		{5D666E71-FF30-1C46-6264-7CC026052840}.Debug|Any CPU.Build.0 = Debug|Any CPU
		{5D666E71-FF30-1C46-6264-7CC026052840}.Release|Any CPU.ActiveCfg = Release|Any CPU
		{5D666E71-FF30-1C46-6264-7CC026052840}.Release|Any CPU.Build.0 = Release|Any CPU
		{BBEB2778-39FF-A1CE-76E6-8397D061D67C}.Debug|Any CPU.ActiveCfg = Debug|Any CPU
		{BBEB2778-39FF-A1CE-76E6-8397D061D67C}.Debug|Any CPU.Build.0 = Debug|Any CPU
		{BBEB2778-39FF-A1CE-76E6-8397D061D67C}.Release|Any CPU.ActiveCfg = Release|Any CPU
		{BBEB2778-39FF-A1CE-76E6-8397D061D67C}.Release|Any CPU.Build.0 = Release|Any CPU
		{C1FF02F0-18A9-3664-1EEF-8A4D241FB9DF}.Debug|Any CPU.ActiveCfg = Debug|Any CPU
		{C1FF02F0-18A9-3664-1EEF-8A4D241FB9DF}.Debug|Any CPU.Build.0 = Debug|Any CPU
		{C1FF02F0-18A9-3664-1EEF-8A4D241FB9DF}.Release|Any CPU.ActiveCfg = Release|Any CPU
		{C1FF02F0-18A9-3664-1EEF-8A4D241FB9DF}.Release|Any CPU.Build.0 = Release|Any CPU
		{606CE5B0-91CA-C96E-49D8-2FE8CF15BB6E}.Debug|Any CPU.ActiveCfg = Debug|Any CPU
		{606CE5B0-91CA-C96E-49D8-2FE8CF15BB6E}.Debug|Any CPU.Build.0 = Debug|Any CPU
		{606CE5B0-91CA-C96E-49D8-2FE8CF15BB6E}.Release|Any CPU.ActiveCfg = Release|Any CPU
		{606CE5B0-91CA-C96E-49D8-2FE8CF15BB6E}.Release|Any CPU.Build.0 = Release|Any CPU
		{851D8285-2578-EC26-E3B7-903F04959C05}.Debug|Any CPU.ActiveCfg = Debug|Any CPU
		{851D8285-2578-EC26-E3B7-903F04959C05}.Debug|Any CPU.Build.0 = Debug|Any CPU
		{851D8285-2578-EC26-E3B7-903F04959C05}.Release|Any CPU.ActiveCfg = Release|Any CPU
		{851D8285-2578-EC26-E3B7-903F04959C05}.Release|Any CPU.Build.0 = Release|Any CPU
		{5CC75983-02DF-4050-4657-DA7FA8B07069}.Debug|Any CPU.ActiveCfg = Debug|Any CPU
		{5CC75983-02DF-4050-4657-DA7FA8B07069}.Debug|Any CPU.Build.0 = Debug|Any CPU
		{5CC75983-02DF-4050-4657-DA7FA8B07069}.Release|Any CPU.ActiveCfg = Release|Any CPU
		{5CC75983-02DF-4050-4657-DA7FA8B07069}.Release|Any CPU.Build.0 = Release|Any CPU
		{77234B55-C237-F729-D685-961B474F78C0}.Debug|Any CPU.ActiveCfg = Debug|Any CPU
		{77234B55-C237-F729-D685-961B474F78C0}.Debug|Any CPU.Build.0 = Debug|Any CPU
		{77234B55-C237-F729-D685-961B474F78C0}.Release|Any CPU.ActiveCfg = Release|Any CPU
		{77234B55-C237-F729-D685-961B474F78C0}.Release|Any CPU.Build.0 = Release|Any CPU
		{8A8CDB5C-BC3F-F69E-1756-F9BC89132FEA}.Debug|Any CPU.ActiveCfg = Debug|Any CPU
		{8A8CDB5C-BC3F-F69E-1756-F9BC89132FEA}.Debug|Any CPU.Build.0 = Debug|Any CPU
		{8A8CDB5C-BC3F-F69E-1756-F9BC89132FEA}.Release|Any CPU.ActiveCfg = Release|Any CPU
		{8A8CDB5C-BC3F-F69E-1756-F9BC89132FEA}.Release|Any CPU.Build.0 = Release|Any CPU
		{A32C1270-BE20-AC49-8A32-D869B728E5DC}.Debug|Any CPU.ActiveCfg = Debug|Any CPU
		{A32C1270-BE20-AC49-8A32-D869B728E5DC}.Debug|Any CPU.Build.0 = Debug|Any CPU
		{A32C1270-BE20-AC49-8A32-D869B728E5DC}.Release|Any CPU.ActiveCfg = Release|Any CPU
		{A32C1270-BE20-AC49-8A32-D869B728E5DC}.Release|Any CPU.Build.0 = Release|Any CPU
		{C4F06192-7CBB-2CC0-3A21-417A015F7A57}.Debug|Any CPU.ActiveCfg = Debug|Any CPU
		{C4F06192-7CBB-2CC0-3A21-417A015F7A57}.Debug|Any CPU.Build.0 = Debug|Any CPU
		{C4F06192-7CBB-2CC0-3A21-417A015F7A57}.Release|Any CPU.ActiveCfg = Release|Any CPU
		{C4F06192-7CBB-2CC0-3A21-417A015F7A57}.Release|Any CPU.Build.0 = Release|Any CPU
		{B22F4AF5-2E3E-4901-0396-619F9904788F}.Debug|Any CPU.ActiveCfg = Debug|Any CPU
		{B22F4AF5-2E3E-4901-0396-619F9904788F}.Debug|Any CPU.Build.0 = Debug|Any CPU
		{B22F4AF5-2E3E-4901-0396-619F9904788F}.Release|Any CPU.ActiveCfg = Release|Any CPU
		{B22F4AF5-2E3E-4901-0396-619F9904788F}.Release|Any CPU.Build.0 = Release|Any CPU
		{4554965C-1E2C-88CE-BA77-4863B8FB384A}.Debug|Any CPU.ActiveCfg = Debug|Any CPU
		{4554965C-1E2C-88CE-BA77-4863B8FB384A}.Debug|Any CPU.Build.0 = Debug|Any CPU
		{4554965C-1E2C-88CE-BA77-4863B8FB384A}.Release|Any CPU.ActiveCfg = Release|Any CPU
		{4554965C-1E2C-88CE-BA77-4863B8FB384A}.Release|Any CPU.Build.0 = Release|Any CPU
		{23760487-F037-FE8B-7278-A9DE9B348CE2}.Debug|Any CPU.ActiveCfg = Debug|Any CPU
		{23760487-F037-FE8B-7278-A9DE9B348CE2}.Debug|Any CPU.Build.0 = Debug|Any CPU
		{23760487-F037-FE8B-7278-A9DE9B348CE2}.Release|Any CPU.ActiveCfg = Release|Any CPU
		{23760487-F037-FE8B-7278-A9DE9B348CE2}.Release|Any CPU.Build.0 = Release|Any CPU
		{32518F02-1F3B-46CC-D6E2-602242818DC1}.Debug|Any CPU.ActiveCfg = Debug|Any CPU
		{32518F02-1F3B-46CC-D6E2-602242818DC1}.Debug|Any CPU.Build.0 = Debug|Any CPU
		{32518F02-1F3B-46CC-D6E2-602242818DC1}.Release|Any CPU.ActiveCfg = Release|Any CPU
		{32518F02-1F3B-46CC-D6E2-602242818DC1}.Release|Any CPU.Build.0 = Release|Any CPU
		{B4C2AAB3-6FDF-3BF1-C07A-E10D9684E000}.Debug|Any CPU.ActiveCfg = Debug|Any CPU
		{B4C2AAB3-6FDF-3BF1-C07A-E10D9684E000}.Debug|Any CPU.Build.0 = Debug|Any CPU
		{B4C2AAB3-6FDF-3BF1-C07A-E10D9684E000}.Release|Any CPU.ActiveCfg = Release|Any CPU
		{B4C2AAB3-6FDF-3BF1-C07A-E10D9684E000}.Release|Any CPU.Build.0 = Release|Any CPU
		{40981375-BB32-9A68-D879-66F136CDB203}.Debug|Any CPU.ActiveCfg = Debug|Any CPU
		{40981375-BB32-9A68-D879-66F136CDB203}.Debug|Any CPU.Build.0 = Debug|Any CPU
		{40981375-BB32-9A68-D879-66F136CDB203}.Release|Any CPU.ActiveCfg = Release|Any CPU
		{40981375-BB32-9A68-D879-66F136CDB203}.Release|Any CPU.Build.0 = Release|Any CPU
		{C9465EA2-37BF-0F74-997C-2D359A6A5004}.Debug|Any CPU.ActiveCfg = Debug|Any CPU
		{C9465EA2-37BF-0F74-997C-2D359A6A5004}.Debug|Any CPU.Build.0 = Debug|Any CPU
		{C9465EA2-37BF-0F74-997C-2D359A6A5004}.Release|Any CPU.ActiveCfg = Release|Any CPU
		{C9465EA2-37BF-0F74-997C-2D359A6A5004}.Release|Any CPU.Build.0 = Release|Any CPU
		{AF7587A5-A79F-3819-2481-FF4AF4C8846A}.Debug|Any CPU.ActiveCfg = Debug|Any CPU
		{AF7587A5-A79F-3819-2481-FF4AF4C8846A}.Debug|Any CPU.Build.0 = Debug|Any CPU
		{AF7587A5-A79F-3819-2481-FF4AF4C8846A}.Release|Any CPU.ActiveCfg = Release|Any CPU
		{AF7587A5-A79F-3819-2481-FF4AF4C8846A}.Release|Any CPU.Build.0 = Release|Any CPU
		{F5CB4F32-A698-752D-4419-2D89364A4EBF}.Debug|Any CPU.ActiveCfg = Debug|Any CPU
		{F5CB4F32-A698-752D-4419-2D89364A4EBF}.Debug|Any CPU.Build.0 = Debug|Any CPU
		{F5CB4F32-A698-752D-4419-2D89364A4EBF}.Release|Any CPU.ActiveCfg = Release|Any CPU
		{F5CB4F32-A698-752D-4419-2D89364A4EBF}.Release|Any CPU.Build.0 = Release|Any CPU
		{915233EC-D2B6-DCA3-1B22-D833FDC0266B}.Debug|Any CPU.ActiveCfg = Debug|Any CPU
		{915233EC-D2B6-DCA3-1B22-D833FDC0266B}.Debug|Any CPU.Build.0 = Debug|Any CPU
		{915233EC-D2B6-DCA3-1B22-D833FDC0266B}.Release|Any CPU.ActiveCfg = Release|Any CPU
		{915233EC-D2B6-DCA3-1B22-D833FDC0266B}.Release|Any CPU.Build.0 = Release|Any CPU
		{DFF4810A-136D-82A8-2C69-CDCFFF8321BC}.Debug|Any CPU.ActiveCfg = Debug|Any CPU
		{DFF4810A-136D-82A8-2C69-CDCFFF8321BC}.Debug|Any CPU.Build.0 = Debug|Any CPU
		{DFF4810A-136D-82A8-2C69-CDCFFF8321BC}.Release|Any CPU.ActiveCfg = Release|Any CPU
		{DFF4810A-136D-82A8-2C69-CDCFFF8321BC}.Release|Any CPU.Build.0 = Release|Any CPU
		{5204D457-1725-6FB3-E5CC-460F3B2B41DC}.Debug|Any CPU.ActiveCfg = Debug|Any CPU
		{5204D457-1725-6FB3-E5CC-460F3B2B41DC}.Debug|Any CPU.Build.0 = Debug|Any CPU
		{5204D457-1725-6FB3-E5CC-460F3B2B41DC}.Release|Any CPU.ActiveCfg = Release|Any CPU
		{5204D457-1725-6FB3-E5CC-460F3B2B41DC}.Release|Any CPU.Build.0 = Release|Any CPU
		{52C369F6-BC1A-DD35-FC46-7CE4AEC91299}.Debug|Any CPU.ActiveCfg = Debug|Any CPU
		{52C369F6-BC1A-DD35-FC46-7CE4AEC91299}.Debug|Any CPU.Build.0 = Debug|Any CPU
		{52C369F6-BC1A-DD35-FC46-7CE4AEC91299}.Release|Any CPU.ActiveCfg = Release|Any CPU
		{52C369F6-BC1A-DD35-FC46-7CE4AEC91299}.Release|Any CPU.Build.0 = Release|Any CPU
		{21646880-C9E5-CD74-41F2-9477B36A4307}.Debug|Any CPU.ActiveCfg = Debug|Any CPU
		{21646880-C9E5-CD74-41F2-9477B36A4307}.Debug|Any CPU.Build.0 = Debug|Any CPU
		{21646880-C9E5-CD74-41F2-9477B36A4307}.Release|Any CPU.ActiveCfg = Release|Any CPU
		{21646880-C9E5-CD74-41F2-9477B36A4307}.Release|Any CPU.Build.0 = Release|Any CPU
		{D0E20E33-AC26-9351-DC30-139DF70FC735}.Debug|Any CPU.ActiveCfg = Debug|Any CPU
		{D0E20E33-AC26-9351-DC30-139DF70FC735}.Debug|Any CPU.Build.0 = Debug|Any CPU
		{D0E20E33-AC26-9351-DC30-139DF70FC735}.Release|Any CPU.ActiveCfg = Release|Any CPU
		{D0E20E33-AC26-9351-DC30-139DF70FC735}.Release|Any CPU.Build.0 = Release|Any CPU
		{63BEAE22-BD9D-DC5A-FA23-EE2CB3EB3160}.Debug|Any CPU.ActiveCfg = Debug|Any CPU
		{63BEAE22-BD9D-DC5A-FA23-EE2CB3EB3160}.Debug|Any CPU.Build.0 = Debug|Any CPU
		{63BEAE22-BD9D-DC5A-FA23-EE2CB3EB3160}.Release|Any CPU.ActiveCfg = Release|Any CPU
		{63BEAE22-BD9D-DC5A-FA23-EE2CB3EB3160}.Release|Any CPU.Build.0 = Release|Any CPU
		{1EF55B18-5ED5-69AA-03FF-85975DD5FC58}.Debug|Any CPU.ActiveCfg = Debug|Any CPU
		{1EF55B18-5ED5-69AA-03FF-85975DD5FC58}.Debug|Any CPU.Build.0 = Debug|Any CPU
		{1EF55B18-5ED5-69AA-03FF-85975DD5FC58}.Release|Any CPU.ActiveCfg = Release|Any CPU
		{1EF55B18-5ED5-69AA-03FF-85975DD5FC58}.Release|Any CPU.Build.0 = Release|Any CPU
		{E7A2BD78-5BA6-ACFA-C756-8A8B0757D4E4}.Debug|Any CPU.ActiveCfg = Debug|Any CPU
		{E7A2BD78-5BA6-ACFA-C756-8A8B0757D4E4}.Debug|Any CPU.Build.0 = Debug|Any CPU
		{E7A2BD78-5BA6-ACFA-C756-8A8B0757D4E4}.Release|Any CPU.ActiveCfg = Release|Any CPU
		{E7A2BD78-5BA6-ACFA-C756-8A8B0757D4E4}.Release|Any CPU.Build.0 = Release|Any CPU
		{404311F7-AEBF-3A81-8726-A44782DCCD17}.Debug|Any CPU.ActiveCfg = Debug|Any CPU
		{404311F7-AEBF-3A81-8726-A44782DCCD17}.Debug|Any CPU.Build.0 = Debug|Any CPU
		{404311F7-AEBF-3A81-8726-A44782DCCD17}.Release|Any CPU.ActiveCfg = Release|Any CPU
		{404311F7-AEBF-3A81-8726-A44782DCCD17}.Release|Any CPU.Build.0 = Release|Any CPU
		{FE97513C-CBAC-027B-E226-FF7B0F6A2B98}.Debug|Any CPU.ActiveCfg = Debug|Any CPU
		{FE97513C-CBAC-027B-E226-FF7B0F6A2B98}.Debug|Any CPU.Build.0 = Debug|Any CPU
		{FE97513C-CBAC-027B-E226-FF7B0F6A2B98}.Release|Any CPU.ActiveCfg = Release|Any CPU
		{FE97513C-CBAC-027B-E226-FF7B0F6A2B98}.Release|Any CPU.Build.0 = Release|Any CPU
		{78E3D8EC-0BB2-7516-87D4-BD3429530E21}.Debug|Any CPU.ActiveCfg = Debug|Any CPU
		{78E3D8EC-0BB2-7516-87D4-BD3429530E21}.Debug|Any CPU.Build.0 = Debug|Any CPU
		{78E3D8EC-0BB2-7516-87D4-BD3429530E21}.Release|Any CPU.ActiveCfg = Release|Any CPU
		{78E3D8EC-0BB2-7516-87D4-BD3429530E21}.Release|Any CPU.Build.0 = Release|Any CPU
		{9346DEC4-A91A-6891-146C-137420BAEA7E}.Debug|Any CPU.ActiveCfg = Debug|Any CPU
		{9346DEC4-A91A-6891-146C-137420BAEA7E}.Debug|Any CPU.Build.0 = Debug|Any CPU
		{9346DEC4-A91A-6891-146C-137420BAEA7E}.Release|Any CPU.ActiveCfg = Release|Any CPU
		{9346DEC4-A91A-6891-146C-137420BAEA7E}.Release|Any CPU.Build.0 = Release|Any CPU
		{B321A494-CCF1-8599-0363-03410B4480B7}.Debug|Any CPU.ActiveCfg = Debug|Any CPU
		{B321A494-CCF1-8599-0363-03410B4480B7}.Debug|Any CPU.Build.0 = Debug|Any CPU
		{B321A494-CCF1-8599-0363-03410B4480B7}.Release|Any CPU.ActiveCfg = Release|Any CPU
		{B321A494-CCF1-8599-0363-03410B4480B7}.Release|Any CPU.Build.0 = Release|Any CPU
		{D41E41C7-C338-ED2B-774A-6E68DE32CC5F}.Debug|Any CPU.ActiveCfg = Debug|Any CPU
		{D41E41C7-C338-ED2B-774A-6E68DE32CC5F}.Debug|Any CPU.Build.0 = Debug|Any CPU
		{D41E41C7-C338-ED2B-774A-6E68DE32CC5F}.Release|Any CPU.ActiveCfg = Release|Any CPU
		{D41E41C7-C338-ED2B-774A-6E68DE32CC5F}.Release|Any CPU.Build.0 = Release|Any CPU
		{81267ECF-8EE7-CD29-AC51-C30329ABCCB3}.Debug|Any CPU.ActiveCfg = Debug|Any CPU
		{81267ECF-8EE7-CD29-AC51-C30329ABCCB3}.Debug|Any CPU.Build.0 = Debug|Any CPU
		{81267ECF-8EE7-CD29-AC51-C30329ABCCB3}.Release|Any CPU.ActiveCfg = Release|Any CPU
		{81267ECF-8EE7-CD29-AC51-C30329ABCCB3}.Release|Any CPU.Build.0 = Release|Any CPU
		{A549B453-F407-8E61-6335-B35FA5AB34CF}.Debug|Any CPU.ActiveCfg = Debug|Any CPU
		{A549B453-F407-8E61-6335-B35FA5AB34CF}.Debug|Any CPU.Build.0 = Debug|Any CPU
		{A549B453-F407-8E61-6335-B35FA5AB34CF}.Release|Any CPU.ActiveCfg = Release|Any CPU
		{A549B453-F407-8E61-6335-B35FA5AB34CF}.Release|Any CPU.Build.0 = Release|Any CPU
		{08279798-8A9C-5EBF-4FFB-13DDE782C769}.Debug|Any CPU.ActiveCfg = Debug|Any CPU
		{08279798-8A9C-5EBF-4FFB-13DDE782C769}.Debug|Any CPU.Build.0 = Debug|Any CPU
		{08279798-8A9C-5EBF-4FFB-13DDE782C769}.Release|Any CPU.ActiveCfg = Release|Any CPU
		{08279798-8A9C-5EBF-4FFB-13DDE782C769}.Release|Any CPU.Build.0 = Release|Any CPU
		{2BD15B1E-7529-60C9-EF38-35F4175F3A62}.Debug|Any CPU.ActiveCfg = Debug|Any CPU
		{2BD15B1E-7529-60C9-EF38-35F4175F3A62}.Debug|Any CPU.Build.0 = Debug|Any CPU
		{2BD15B1E-7529-60C9-EF38-35F4175F3A62}.Release|Any CPU.ActiveCfg = Release|Any CPU
		{2BD15B1E-7529-60C9-EF38-35F4175F3A62}.Release|Any CPU.Build.0 = Release|Any CPU
		{A4CE6621-F246-38D9-D236-1C5DEA729ABE}.Debug|Any CPU.ActiveCfg = Debug|Any CPU
		{A4CE6621-F246-38D9-D236-1C5DEA729ABE}.Debug|Any CPU.Build.0 = Debug|Any CPU
		{A4CE6621-F246-38D9-D236-1C5DEA729ABE}.Release|Any CPU.ActiveCfg = Release|Any CPU
		{A4CE6621-F246-38D9-D236-1C5DEA729ABE}.Release|Any CPU.Build.0 = Release|Any CPU
	EndGlobalSection
	GlobalSection(SolutionProperties) = preSolution
		HideSolutionNode = FALSE
	EndGlobalSection
EndGlobal
